PODS:
  - MentaBaseGlobal (1.0.19)
  - MentaDemo-Global (0.1.0)
  - MentaMediationGlobal (1.0.19):
    - MentaBaseGlobal (~> 1.0.19)
  - MentaVlionGlobal (1.0.19):
    - MentaBaseGlobal (~> 1.0.19)
  - MentaVlionGlobalAdapter (1.0.19):
    - MentaMediationGlobal (~> 1.0.19)
    - MentaVlionGlobal (~> 1.0.19)

DEPENDENCIES:
  - MentaBaseGlobal (= 1.0.19)
  - MentaDemo-Global (from `../`)
  - MentaMediationGlobal (= 1.0.19)
  - MentaVlionGlobal (= 1.0.19)
  - MentaVlionGlobalAdapter (= 1.0.19)

SPEC REPOS:
  trunk:
    - MentaBaseGlobal
    - MentaMediationGlobal
    - MentaVlionGlobal
    - MentaVlionGlobalAdapter

EXTERNAL SOURCES:
  MentaDemo-Global:
    :path: "../"

SPEC CHECKSUMS:
  MentaBaseGlobal: 1ebff3e567d9f799f4d56dc51befde567576aebb
  MentaDemo-Global: 32057824b005f5938fd961a0307ce6077c5b3984
  MentaMediationGlobal: 88e9baaaafda504411a29e1d96f5d64176eff26f
  MentaVlionGlobal: a3e8053ed713c0c3b707179d65e00bcfc6beeef3
  MentaVlionGlobalAdapter: d76ae0ae61834e1d217550b8aadef70d8dc17079

PODFILE CHECKSUM: 960d7edc56bcfe9c4ed2fba9167cdfe8f8815e35

COCOAPODS: 1.15.2
