PODS:
  - MentaBaseGlobal (1.0.18)
  - MentaDemo-Global (0.1.0)
  - MentaMediationGlobal (1.0.18):
    - MentaBaseGlobal (~> 1.0.18)
  - MentaVlionGlobal (1.0.18):
    - MentaBaseGlobal (~> 1.0.18)
  - MentaVlionGlobalAdapter (1.0.18):
    - MentaMediationGlobal (~> 1.0.18)
    - MentaVlionGlobal (~> 1.0.18)

DEPENDENCIES:
  - MentaBaseGlobal (= 1.0.18)
  - MentaDemo-Global (from `../`)
  - MentaMediationGlobal (= 1.0.18)
  - MentaVlionGlobal (= 1.0.18)
  - MentaVlionGlobalAdapter (= 1.0.18)

SPEC REPOS:
  trunk:
    - MentaBaseGlobal
    - MentaMediationGlobal
    - MentaVlionGlobal
    - MentaVlionGlobalAdapter

EXTERNAL SOURCES:
  MentaDemo-Global:
    :path: "../"

SPEC CHECKSUMS:
  MentaBaseGlobal: 93dd98576bc1718352cee399fdfa460a13b7e7df
  MentaDemo-Global: 32057824b005f5938fd961a0307ce6077c5b3984
  MentaMediationGlobal: 42ebb186ee60e11775cad373ea68919da68f7bfb
  MentaVlionGlobal: bec7c9e5159019cd94c689ddcc7bb27dacdecbd7
  MentaVlionGlobalAdapter: 8c95e24235815b66d36dd8d471df708177aac629

PODFILE CHECKSUM: 0cdc418a5a0c5fb67e5477abf8a3cac0229f81d6

COCOAPODS: 1.15.2
