PODS:
  - MentaBaseGlobal (1.0.4)
  - MentaDemo-Global (0.1.0)
  - MentaMediationGlobal (1.0.4):
    - MentaBaseGlobal (= 1.0.4)
  - MentaVlionGlobal (1.0.4):
    - MentaBaseGlobal (= 1.0.4)
  - MentaVlionGlobalAdapter (1.0.4):
    - MentaMediationGlobal (= 1.0.4)
    - MentaVlionGlobal (= 1.0.4)

DEPENDENCIES:
  - MentaBaseGlobal (= 1.0.4)
  - MentaDemo-Global (from `../`)
  - MentaMediationGlobal (= 1.0.4)
  - MentaVlionGlobal (= 1.0.4)
  - MentaVlionGlobalAdapter (= 1.0.4)

SPEC REPOS:
  trunk:
    - MentaBaseGlobal
    - MentaMediationGlobal
    - MentaVlionGlobal
    - MentaVlionGlobalAdapter

EXTERNAL SOURCES:
  MentaDemo-Global:
    :path: "../"

SPEC CHECKSUMS:
  MentaBaseGlobal: dbb29b8e6020fdb550f83fa72dce86532c7fa757
  MentaDemo-Global: 32057824b005f5938fd961a0307ce6077c5b3984
  MentaMediationGlobal: 913b7b5c8c25ed33d2669b31ca2d135f26a341d9
  MentaVlionGlobal: a1c08a345369a7f14cf65baa46f181cecf8e3ec9
  MentaVlionGlobalAdapter: d6c28983dabdd1f3fbc7ca0b2e55883199041dcb

PODFILE CHECKSUM: f442be4c9ecba9ee53ee938a64e4517a15bb2790

COCOAPODS: 1.15.2
