// !$*UTF8*$!
{
	archiveVersion = 1;
	classes = {
	};
	objectVersion = 46;
	objects = {

/* Begin PBXBuildFile section */
		04D87965370B6A1DFA297E85 /* Pods_MentaDemo_Global_Example.framework in Frameworks */ = {isa = PBXBuildFile; fileRef = EF32187A69D48A63E2C1BA67 /* Pods_MentaDemo_Global_Example.framework */; };
		0986EC292C2C1BBF0095DB66 /* MainViewController.m in Sources */ = {isa = PBXBuildFile; fileRef = 0986EC282C2C1BBF0095DB66 /* MainViewController.m */; };
		0986EC402C2C1DA10095DB66 /* MentaBannerViewController.m in Sources */ = {isa = PBXBuildFile; fileRef = 0986EC2B2C2C1DA10095DB66 /* MentaBannerViewController.m */; };
		0986EC412C2C1DA10095DB66 /* MentaInterstitialViewController.m in Sources */ = {isa = PBXBuildFile; fileRef = 0986EC2E2C2C1DA10095DB66 /* MentaInterstitialViewController.m */; };
		0986EC422C2C1DA10095DB66 /* MentaNativeExpressViewController.m in Sources */ = {isa = PBXBuildFile; fileRef = 0986EC312C2C1DA10095DB66 /* MentaNativeExpressViewController.m */; };
		0986EC432C2C1DA10095DB66 /* MentaSelfRenderViewController.m in Sources */ = {isa = PBXBuildFile; fileRef = 0986EC342C2C1DA10095DB66 /* MentaSelfRenderViewController.m */; };
		0986EC442C2C1DA10095DB66 /* MentaRewardVideoViewController.m in Sources */ = {isa = PBXBuildFile; fileRef = 0986EC372C2C1DA10095DB66 /* MentaRewardVideoViewController.m */; };
		0986EC452C2C1DA10095DB66 /* MentaSplashViewController.m in Sources */ = {isa = PBXBuildFile; fileRef = 0986EC3A2C2C1DA10095DB66 /* MentaSplashViewController.m */; };
		0986EC462C2C1DA10095DB66 /* MentaViewController.m in Sources */ = {isa = PBXBuildFile; fileRef = 0986EC3D2C2C1DA10095DB66 /* MentaViewController.m */; };
		22E06CF686EFC98C95BBC5C7 /* Pods_MentaDemo_Global_Tests.framework in Frameworks */ = {isa = PBXBuildFile; fileRef = C275E57677C2108E0CC8AAB0 /* Pods_MentaDemo_Global_Tests.framework */; };
		6003F58E195388D20070C39A /* Foundation.framework in Frameworks */ = {isa = PBXBuildFile; fileRef = 6003F58D195388D20070C39A /* Foundation.framework */; };
		6003F590195388D20070C39A /* CoreGraphics.framework in Frameworks */ = {isa = PBXBuildFile; fileRef = 6003F58F195388D20070C39A /* CoreGraphics.framework */; };
		6003F592195388D20070C39A /* UIKit.framework in Frameworks */ = {isa = PBXBuildFile; fileRef = 6003F591195388D20070C39A /* UIKit.framework */; };
		6003F598195388D20070C39A /* InfoPlist.strings in Resources */ = {isa = PBXBuildFile; fileRef = 6003F596195388D20070C39A /* InfoPlist.strings */; };
		6003F59A195388D20070C39A /* main.m in Sources */ = {isa = PBXBuildFile; fileRef = 6003F599195388D20070C39A /* main.m */; };
		6003F59E195388D20070C39A /* MENTAAppDelegate.m in Sources */ = {isa = PBXBuildFile; fileRef = 6003F59D195388D20070C39A /* MENTAAppDelegate.m */; };
		6003F5A7195388D20070C39A /* MENTAViewController.m in Sources */ = {isa = PBXBuildFile; fileRef = 6003F5A6195388D20070C39A /* MENTAViewController.m */; };
		6003F5A9195388D20070C39A /* Images.xcassets in Resources */ = {isa = PBXBuildFile; fileRef = 6003F5A8195388D20070C39A /* Images.xcassets */; };
		6003F5B0195388D20070C39A /* XCTest.framework in Frameworks */ = {isa = PBXBuildFile; fileRef = 6003F5AF195388D20070C39A /* XCTest.framework */; };
		6003F5B1195388D20070C39A /* Foundation.framework in Frameworks */ = {isa = PBXBuildFile; fileRef = 6003F58D195388D20070C39A /* Foundation.framework */; };
		6003F5B2195388D20070C39A /* UIKit.framework in Frameworks */ = {isa = PBXBuildFile; fileRef = 6003F591195388D20070C39A /* UIKit.framework */; };
		6003F5BA195388D20070C39A /* InfoPlist.strings in Resources */ = {isa = PBXBuildFile; fileRef = 6003F5B8195388D20070C39A /* InfoPlist.strings */; };
		6003F5BC195388D20070C39A /* Tests.m in Sources */ = {isa = PBXBuildFile; fileRef = 6003F5BB195388D20070C39A /* Tests.m */; };
		71719F9F1E33DC2100824A3D /* LaunchScreen.storyboard in Resources */ = {isa = PBXBuildFile; fileRef = 71719F9D1E33DC2100824A3D /* LaunchScreen.storyboard */; };
		873B8AEB1B1F5CCA007FD442 /* Main.storyboard in Resources */ = {isa = PBXBuildFile; fileRef = 873B8AEA1B1F5CCA007FD442 /* Main.storyboard */; };
/* End PBXBuildFile section */

/* Begin PBXContainerItemProxy section */
		6003F5B3195388D20070C39A /* PBXContainerItemProxy */ = {
			isa = PBXContainerItemProxy;
			containerPortal = 6003F582195388D10070C39A /* Project object */;
			proxyType = 1;
			remoteGlobalIDString = 6003F589195388D20070C39A;
			remoteInfo = "MentaDemo-Global";
		};
/* End PBXContainerItemProxy section */

/* Begin PBXFileReference section */
		0986EC272C2C1BBF0095DB66 /* MainViewController.h */ = {isa = PBXFileReference; fileEncoding = 4; lastKnownFileType = sourcecode.c.h; path = MainViewController.h; sourceTree = "<group>"; };
		0986EC282C2C1BBF0095DB66 /* MainViewController.m */ = {isa = PBXFileReference; fileEncoding = 4; lastKnownFileType = sourcecode.c.objc; path = MainViewController.m; sourceTree = "<group>"; };
		0986EC2A2C2C1DA10095DB66 /* MentaBannerViewController.h */ = {isa = PBXFileReference; fileEncoding = 4; lastKnownFileType = sourcecode.c.h; path = MentaBannerViewController.h; sourceTree = "<group>"; };
		0986EC2B2C2C1DA10095DB66 /* MentaBannerViewController.m */ = {isa = PBXFileReference; fileEncoding = 4; lastKnownFileType = sourcecode.c.objc; path = MentaBannerViewController.m; sourceTree = "<group>"; };
		0986EC2D2C2C1DA10095DB66 /* MentaInterstitialViewController.h */ = {isa = PBXFileReference; fileEncoding = 4; lastKnownFileType = sourcecode.c.h; path = MentaInterstitialViewController.h; sourceTree = "<group>"; };
		0986EC2E2C2C1DA10095DB66 /* MentaInterstitialViewController.m */ = {isa = PBXFileReference; fileEncoding = 4; lastKnownFileType = sourcecode.c.objc; path = MentaInterstitialViewController.m; sourceTree = "<group>"; };
		0986EC302C2C1DA10095DB66 /* MentaNativeExpressViewController.h */ = {isa = PBXFileReference; fileEncoding = 4; lastKnownFileType = sourcecode.c.h; path = MentaNativeExpressViewController.h; sourceTree = "<group>"; };
		0986EC312C2C1DA10095DB66 /* MentaNativeExpressViewController.m */ = {isa = PBXFileReference; fileEncoding = 4; lastKnownFileType = sourcecode.c.objc; path = MentaNativeExpressViewController.m; sourceTree = "<group>"; };
		0986EC332C2C1DA10095DB66 /* MentaSelfRenderViewController.h */ = {isa = PBXFileReference; fileEncoding = 4; lastKnownFileType = sourcecode.c.h; path = MentaSelfRenderViewController.h; sourceTree = "<group>"; };
		0986EC342C2C1DA10095DB66 /* MentaSelfRenderViewController.m */ = {isa = PBXFileReference; fileEncoding = 4; lastKnownFileType = sourcecode.c.objc; path = MentaSelfRenderViewController.m; sourceTree = "<group>"; };
		0986EC362C2C1DA10095DB66 /* MentaRewardVideoViewController.h */ = {isa = PBXFileReference; fileEncoding = 4; lastKnownFileType = sourcecode.c.h; path = MentaRewardVideoViewController.h; sourceTree = "<group>"; };
		0986EC372C2C1DA10095DB66 /* MentaRewardVideoViewController.m */ = {isa = PBXFileReference; fileEncoding = 4; lastKnownFileType = sourcecode.c.objc; path = MentaRewardVideoViewController.m; sourceTree = "<group>"; };
		0986EC392C2C1DA10095DB66 /* MentaSplashViewController.h */ = {isa = PBXFileReference; fileEncoding = 4; lastKnownFileType = sourcecode.c.h; path = MentaSplashViewController.h; sourceTree = "<group>"; };
		0986EC3A2C2C1DA10095DB66 /* MentaSplashViewController.m */ = {isa = PBXFileReference; fileEncoding = 4; lastKnownFileType = sourcecode.c.objc; path = MentaSplashViewController.m; sourceTree = "<group>"; };
		0986EC3C2C2C1DA10095DB66 /* MentaViewController.h */ = {isa = PBXFileReference; fileEncoding = 4; lastKnownFileType = sourcecode.c.h; path = MentaViewController.h; sourceTree = "<group>"; };
		0986EC3D2C2C1DA10095DB66 /* MentaViewController.m */ = {isa = PBXFileReference; fileEncoding = 4; lastKnownFileType = sourcecode.c.objc; path = MentaViewController.m; sourceTree = "<group>"; };
		0D78F1F585F4A3B670862FA4 /* Pods-MentaDemo-Global_Example.release.xcconfig */ = {isa = PBXFileReference; includeInIndex = 1; lastKnownFileType = text.xcconfig; name = "Pods-MentaDemo-Global_Example.release.xcconfig"; path = "Target Support Files/Pods-MentaDemo-Global_Example/Pods-MentaDemo-Global_Example.release.xcconfig"; sourceTree = "<group>"; };
		18F0EC2EB947CCE27378B489 /* MentaDemo-Global.podspec */ = {isa = PBXFileReference; includeInIndex = 1; lastKnownFileType = text; name = "MentaDemo-Global.podspec"; path = "../MentaDemo-Global.podspec"; sourceTree = "<group>"; };
		6003F58A195388D20070C39A /* MentaDemo-Global_Example.app */ = {isa = PBXFileReference; explicitFileType = wrapper.application; includeInIndex = 0; path = "MentaDemo-Global_Example.app"; sourceTree = BUILT_PRODUCTS_DIR; };
		6003F58D195388D20070C39A /* Foundation.framework */ = {isa = PBXFileReference; lastKnownFileType = wrapper.framework; name = Foundation.framework; path = System/Library/Frameworks/Foundation.framework; sourceTree = SDKROOT; };
		6003F58F195388D20070C39A /* CoreGraphics.framework */ = {isa = PBXFileReference; lastKnownFileType = wrapper.framework; name = CoreGraphics.framework; path = System/Library/Frameworks/CoreGraphics.framework; sourceTree = SDKROOT; };
		6003F591195388D20070C39A /* UIKit.framework */ = {isa = PBXFileReference; lastKnownFileType = wrapper.framework; name = UIKit.framework; path = System/Library/Frameworks/UIKit.framework; sourceTree = SDKROOT; };
		6003F595195388D20070C39A /* MentaDemo-Global-Info.plist */ = {isa = PBXFileReference; lastKnownFileType = text.plist.xml; path = "MentaDemo-Global-Info.plist"; sourceTree = "<group>"; };
		6003F597195388D20070C39A /* en */ = {isa = PBXFileReference; lastKnownFileType = text.plist.strings; name = en; path = en.lproj/InfoPlist.strings; sourceTree = "<group>"; };
		6003F599195388D20070C39A /* main.m */ = {isa = PBXFileReference; lastKnownFileType = sourcecode.c.objc; path = main.m; sourceTree = "<group>"; };
		6003F59B195388D20070C39A /* MentaDemo-Global-Prefix.pch */ = {isa = PBXFileReference; lastKnownFileType = sourcecode.c.h; path = "MentaDemo-Global-Prefix.pch"; sourceTree = "<group>"; };
		6003F59C195388D20070C39A /* MENTAAppDelegate.h */ = {isa = PBXFileReference; lastKnownFileType = sourcecode.c.h; path = MENTAAppDelegate.h; sourceTree = "<group>"; };
		6003F59D195388D20070C39A /* MENTAAppDelegate.m */ = {isa = PBXFileReference; lastKnownFileType = sourcecode.c.objc; path = MENTAAppDelegate.m; sourceTree = "<group>"; };
		6003F5A5195388D20070C39A /* MENTAViewController.h */ = {isa = PBXFileReference; lastKnownFileType = sourcecode.c.h; path = MENTAViewController.h; sourceTree = "<group>"; };
		6003F5A6195388D20070C39A /* MENTAViewController.m */ = {isa = PBXFileReference; lastKnownFileType = sourcecode.c.objc; path = MENTAViewController.m; sourceTree = "<group>"; };
		6003F5A8195388D20070C39A /* Images.xcassets */ = {isa = PBXFileReference; lastKnownFileType = folder.assetcatalog; path = Images.xcassets; sourceTree = "<group>"; };
		6003F5AE195388D20070C39A /* MentaDemo-Global_Tests.xctest */ = {isa = PBXFileReference; explicitFileType = wrapper.cfbundle; includeInIndex = 0; path = "MentaDemo-Global_Tests.xctest"; sourceTree = BUILT_PRODUCTS_DIR; };
		6003F5AF195388D20070C39A /* XCTest.framework */ = {isa = PBXFileReference; lastKnownFileType = wrapper.framework; name = XCTest.framework; path = Library/Frameworks/XCTest.framework; sourceTree = DEVELOPER_DIR; };
		6003F5B7195388D20070C39A /* Tests-Info.plist */ = {isa = PBXFileReference; lastKnownFileType = text.plist.xml; path = "Tests-Info.plist"; sourceTree = "<group>"; };
		6003F5B9195388D20070C39A /* en */ = {isa = PBXFileReference; lastKnownFileType = text.plist.strings; name = en; path = en.lproj/InfoPlist.strings; sourceTree = "<group>"; };
		6003F5BB195388D20070C39A /* Tests.m */ = {isa = PBXFileReference; lastKnownFileType = sourcecode.c.objc; path = Tests.m; sourceTree = "<group>"; };
		606FC2411953D9B200FFA9A0 /* Tests-Prefix.pch */ = {isa = PBXFileReference; lastKnownFileType = sourcecode.c.h; path = "Tests-Prefix.pch"; sourceTree = "<group>"; };
		71719F9E1E33DC2100824A3D /* Base */ = {isa = PBXFileReference; lastKnownFileType = file.storyboard; name = Base; path = Base.lproj/LaunchScreen.storyboard; sourceTree = "<group>"; };
		873B8AEA1B1F5CCA007FD442 /* Main.storyboard */ = {isa = PBXFileReference; fileEncoding = 4; lastKnownFileType = file.storyboard; name = Main.storyboard; path = Base.lproj/Main.storyboard; sourceTree = "<group>"; };
		97AD88ABB3BEE613FE4A8061 /* README.md */ = {isa = PBXFileReference; includeInIndex = 1; lastKnownFileType = net.daringfireball.markdown; name = README.md; path = ../README.md; sourceTree = "<group>"; };
		A99958D93B21730A72DBA98F /* Pods-MentaDemo-Global_Example.debug.xcconfig */ = {isa = PBXFileReference; includeInIndex = 1; lastKnownFileType = text.xcconfig; name = "Pods-MentaDemo-Global_Example.debug.xcconfig"; path = "Target Support Files/Pods-MentaDemo-Global_Example/Pods-MentaDemo-Global_Example.debug.xcconfig"; sourceTree = "<group>"; };
		BAC1C6B6B55D74A9E0409AC1 /* Pods-MentaDemo-Global_Tests.release.xcconfig */ = {isa = PBXFileReference; includeInIndex = 1; lastKnownFileType = text.xcconfig; name = "Pods-MentaDemo-Global_Tests.release.xcconfig"; path = "Target Support Files/Pods-MentaDemo-Global_Tests/Pods-MentaDemo-Global_Tests.release.xcconfig"; sourceTree = "<group>"; };
		C275E57677C2108E0CC8AAB0 /* Pods_MentaDemo_Global_Tests.framework */ = {isa = PBXFileReference; explicitFileType = wrapper.framework; includeInIndex = 0; path = Pods_MentaDemo_Global_Tests.framework; sourceTree = BUILT_PRODUCTS_DIR; };
		E037B70D42F4AC55629A0CBB /* LICENSE */ = {isa = PBXFileReference; includeInIndex = 1; lastKnownFileType = text; name = LICENSE; path = ../LICENSE; sourceTree = "<group>"; };
		E1F6BCB7CB7D94A23A073B57 /* Pods-MentaDemo-Global_Tests.debug.xcconfig */ = {isa = PBXFileReference; includeInIndex = 1; lastKnownFileType = text.xcconfig; name = "Pods-MentaDemo-Global_Tests.debug.xcconfig"; path = "Target Support Files/Pods-MentaDemo-Global_Tests/Pods-MentaDemo-Global_Tests.debug.xcconfig"; sourceTree = "<group>"; };
		EF32187A69D48A63E2C1BA67 /* Pods_MentaDemo_Global_Example.framework */ = {isa = PBXFileReference; explicitFileType = wrapper.framework; includeInIndex = 0; path = Pods_MentaDemo_Global_Example.framework; sourceTree = BUILT_PRODUCTS_DIR; };
/* End PBXFileReference section */

/* Begin PBXFrameworksBuildPhase section */
		6003F587195388D20070C39A /* Frameworks */ = {
			isa = PBXFrameworksBuildPhase;
			buildActionMask = 2147483647;
			files = (
				6003F590195388D20070C39A /* CoreGraphics.framework in Frameworks */,
				6003F592195388D20070C39A /* UIKit.framework in Frameworks */,
				6003F58E195388D20070C39A /* Foundation.framework in Frameworks */,
				04D87965370B6A1DFA297E85 /* Pods_MentaDemo_Global_Example.framework in Frameworks */,
			);
			runOnlyForDeploymentPostprocessing = 0;
		};
		6003F5AB195388D20070C39A /* Frameworks */ = {
			isa = PBXFrameworksBuildPhase;
			buildActionMask = 2147483647;
			files = (
				6003F5B0195388D20070C39A /* XCTest.framework in Frameworks */,
				6003F5B2195388D20070C39A /* UIKit.framework in Frameworks */,
				6003F5B1195388D20070C39A /* Foundation.framework in Frameworks */,
				22E06CF686EFC98C95BBC5C7 /* Pods_MentaDemo_Global_Tests.framework in Frameworks */,
			);
			runOnlyForDeploymentPostprocessing = 0;
		};
/* End PBXFrameworksBuildPhase section */

/* Begin PBXGroup section */
		0986EC2C2C2C1DA10095DB66 /* Banner */ = {
			isa = PBXGroup;
			children = (
				0986EC2A2C2C1DA10095DB66 /* MentaBannerViewController.h */,
				0986EC2B2C2C1DA10095DB66 /* MentaBannerViewController.m */,
			);
			path = Banner;
			sourceTree = "<group>";
		};
		0986EC2F2C2C1DA10095DB66 /* Interstitial */ = {
			isa = PBXGroup;
			children = (
				0986EC2D2C2C1DA10095DB66 /* MentaInterstitialViewController.h */,
				0986EC2E2C2C1DA10095DB66 /* MentaInterstitialViewController.m */,
			);
			path = Interstitial;
			sourceTree = "<group>";
		};
		0986EC322C2C1DA10095DB66 /* NativeExpress */ = {
			isa = PBXGroup;
			children = (
				0986EC302C2C1DA10095DB66 /* MentaNativeExpressViewController.h */,
				0986EC312C2C1DA10095DB66 /* MentaNativeExpressViewController.m */,
			);
			path = NativeExpress;
			sourceTree = "<group>";
		};
		0986EC352C2C1DA10095DB66 /* NativeSelfRender */ = {
			isa = PBXGroup;
			children = (
				0986EC332C2C1DA10095DB66 /* MentaSelfRenderViewController.h */,
				0986EC342C2C1DA10095DB66 /* MentaSelfRenderViewController.m */,
			);
			path = NativeSelfRender;
			sourceTree = "<group>";
		};
		0986EC382C2C1DA10095DB66 /* RewardVideo */ = {
			isa = PBXGroup;
			children = (
				0986EC362C2C1DA10095DB66 /* MentaRewardVideoViewController.h */,
				0986EC372C2C1DA10095DB66 /* MentaRewardVideoViewController.m */,
			);
			path = RewardVideo;
			sourceTree = "<group>";
		};
		0986EC3B2C2C1DA10095DB66 /* Splash */ = {
			isa = PBXGroup;
			children = (
				0986EC392C2C1DA10095DB66 /* MentaSplashViewController.h */,
				0986EC3A2C2C1DA10095DB66 /* MentaSplashViewController.m */,
			);
			path = Splash;
			sourceTree = "<group>";
		};
		0986EC3E2C2C1DA10095DB66 /* Mediation */ = {
			isa = PBXGroup;
			children = (
				0986EC2C2C2C1DA10095DB66 /* Banner */,
				0986EC2F2C2C1DA10095DB66 /* Interstitial */,
				0986EC322C2C1DA10095DB66 /* NativeExpress */,
				0986EC352C2C1DA10095DB66 /* NativeSelfRender */,
				0986EC382C2C1DA10095DB66 /* RewardVideo */,
				0986EC3B2C2C1DA10095DB66 /* Splash */,
				0986EC3C2C2C1DA10095DB66 /* MentaViewController.h */,
				0986EC3D2C2C1DA10095DB66 /* MentaViewController.m */,
			);
			path = Mediation;
			sourceTree = "<group>";
		};
		0986EC3F2C2C1DA10095DB66 /* Demo */ = {
			isa = PBXGroup;
			children = (
				0986EC3E2C2C1DA10095DB66 /* Mediation */,
			);
			path = Demo;
			sourceTree = "<group>";
		};
		6003F581195388D10070C39A = {
			isa = PBXGroup;
			children = (
				60FF7A9C1954A5C5007DD14C /* Podspec Metadata */,
				6003F593195388D20070C39A /* Example for MentaDemo-Global */,
				6003F5B5195388D20070C39A /* Tests */,
				6003F58C195388D20070C39A /* Frameworks */,
				6003F58B195388D20070C39A /* Products */,
				D85F07BA46CED5F208F91DBB /* Pods */,
			);
			sourceTree = "<group>";
		};
		6003F58B195388D20070C39A /* Products */ = {
			isa = PBXGroup;
			children = (
				6003F58A195388D20070C39A /* MentaDemo-Global_Example.app */,
				6003F5AE195388D20070C39A /* MentaDemo-Global_Tests.xctest */,
			);
			name = Products;
			sourceTree = "<group>";
		};
		6003F58C195388D20070C39A /* Frameworks */ = {
			isa = PBXGroup;
			children = (
				6003F58D195388D20070C39A /* Foundation.framework */,
				6003F58F195388D20070C39A /* CoreGraphics.framework */,
				6003F591195388D20070C39A /* UIKit.framework */,
				6003F5AF195388D20070C39A /* XCTest.framework */,
				EF32187A69D48A63E2C1BA67 /* Pods_MentaDemo_Global_Example.framework */,
				C275E57677C2108E0CC8AAB0 /* Pods_MentaDemo_Global_Tests.framework */,
			);
			name = Frameworks;
			sourceTree = "<group>";
		};
		6003F593195388D20070C39A /* Example for MentaDemo-Global */ = {
			isa = PBXGroup;
			children = (
				0986EC3F2C2C1DA10095DB66 /* Demo */,
				0986EC272C2C1BBF0095DB66 /* MainViewController.h */,
				0986EC282C2C1BBF0095DB66 /* MainViewController.m */,
				6003F59C195388D20070C39A /* MENTAAppDelegate.h */,
				6003F59D195388D20070C39A /* MENTAAppDelegate.m */,
				873B8AEA1B1F5CCA007FD442 /* Main.storyboard */,
				6003F5A5195388D20070C39A /* MENTAViewController.h */,
				6003F5A6195388D20070C39A /* MENTAViewController.m */,
				71719F9D1E33DC2100824A3D /* LaunchScreen.storyboard */,
				6003F5A8195388D20070C39A /* Images.xcassets */,
				6003F594195388D20070C39A /* Supporting Files */,
			);
			name = "Example for MentaDemo-Global";
			path = "MentaDemo-Global";
			sourceTree = "<group>";
		};
		6003F594195388D20070C39A /* Supporting Files */ = {
			isa = PBXGroup;
			children = (
				6003F595195388D20070C39A /* MentaDemo-Global-Info.plist */,
				6003F596195388D20070C39A /* InfoPlist.strings */,
				6003F599195388D20070C39A /* main.m */,
				6003F59B195388D20070C39A /* MentaDemo-Global-Prefix.pch */,
			);
			name = "Supporting Files";
			sourceTree = "<group>";
		};
		6003F5B5195388D20070C39A /* Tests */ = {
			isa = PBXGroup;
			children = (
				6003F5BB195388D20070C39A /* Tests.m */,
				6003F5B6195388D20070C39A /* Supporting Files */,
			);
			path = Tests;
			sourceTree = "<group>";
		};
		6003F5B6195388D20070C39A /* Supporting Files */ = {
			isa = PBXGroup;
			children = (
				6003F5B7195388D20070C39A /* Tests-Info.plist */,
				6003F5B8195388D20070C39A /* InfoPlist.strings */,
				606FC2411953D9B200FFA9A0 /* Tests-Prefix.pch */,
			);
			name = "Supporting Files";
			sourceTree = "<group>";
		};
		60FF7A9C1954A5C5007DD14C /* Podspec Metadata */ = {
			isa = PBXGroup;
			children = (
				18F0EC2EB947CCE27378B489 /* MentaDemo-Global.podspec */,
				97AD88ABB3BEE613FE4A8061 /* README.md */,
				E037B70D42F4AC55629A0CBB /* LICENSE */,
			);
			name = "Podspec Metadata";
			sourceTree = "<group>";
		};
		D85F07BA46CED5F208F91DBB /* Pods */ = {
			isa = PBXGroup;
			children = (
				A99958D93B21730A72DBA98F /* Pods-MentaDemo-Global_Example.debug.xcconfig */,
				0D78F1F585F4A3B670862FA4 /* Pods-MentaDemo-Global_Example.release.xcconfig */,
				E1F6BCB7CB7D94A23A073B57 /* Pods-MentaDemo-Global_Tests.debug.xcconfig */,
				BAC1C6B6B55D74A9E0409AC1 /* Pods-MentaDemo-Global_Tests.release.xcconfig */,
			);
			path = Pods;
			sourceTree = "<group>";
		};
/* End PBXGroup section */

/* Begin PBXNativeTarget section */
		6003F589195388D20070C39A /* MentaDemo-Global_Example */ = {
			isa = PBXNativeTarget;
			buildConfigurationList = 6003F5BF195388D20070C39A /* Build configuration list for PBXNativeTarget "MentaDemo-Global_Example" */;
			buildPhases = (
				3DC4D323A121B9A6E0341556 /* [CP] Check Pods Manifest.lock */,
				6003F586195388D20070C39A /* Sources */,
				6003F587195388D20070C39A /* Frameworks */,
				6003F588195388D20070C39A /* Resources */,
				EE40473335324FE0FB72D5C7 /* [CP] Embed Pods Frameworks */,
				ECAE6B9A7AEF44825F96AB63 /* [CP] Copy Pods Resources */,
			);
			buildRules = (
			);
			dependencies = (
			);
			name = "MentaDemo-Global_Example";
			productName = "MentaDemo-Global";
			productReference = 6003F58A195388D20070C39A /* MentaDemo-Global_Example.app */;
			productType = "com.apple.product-type.application";
		};
		6003F5AD195388D20070C39A /* MentaDemo-Global_Tests */ = {
			isa = PBXNativeTarget;
			buildConfigurationList = 6003F5C2195388D20070C39A /* Build configuration list for PBXNativeTarget "MentaDemo-Global_Tests" */;
			buildPhases = (
				E08BF023D8D7CDF8029623BD /* [CP] Check Pods Manifest.lock */,
				6003F5AA195388D20070C39A /* Sources */,
				6003F5AB195388D20070C39A /* Frameworks */,
				6003F5AC195388D20070C39A /* Resources */,
			);
			buildRules = (
			);
			dependencies = (
				6003F5B4195388D20070C39A /* PBXTargetDependency */,
			);
			name = "MentaDemo-Global_Tests";
			productName = "MentaDemo-GlobalTests";
			productReference = 6003F5AE195388D20070C39A /* MentaDemo-Global_Tests.xctest */;
			productType = "com.apple.product-type.bundle.unit-test";
		};
/* End PBXNativeTarget section */

/* Begin PBXProject section */
		6003F582195388D10070C39A /* Project object */ = {
			isa = PBXProject;
			attributes = {
				CLASSPREFIX = MENTA;
				LastUpgradeCheck = 0720;
				ORGANIZATIONNAME = jdy;
				TargetAttributes = {
					6003F589195388D20070C39A = {
						DevelopmentTeam = 4ZY6EV6TFP;
					};
					6003F5AD195388D20070C39A = {
						TestTargetID = 6003F589195388D20070C39A;
					};
				};
			};
			buildConfigurationList = 6003F585195388D10070C39A /* Build configuration list for PBXProject "MentaDemo-Global" */;
			compatibilityVersion = "Xcode 3.2";
			developmentRegion = English;
			hasScannedForEncodings = 0;
			knownRegions = (
				English,
				en,
				Base,
			);
			mainGroup = 6003F581195388D10070C39A;
			productRefGroup = 6003F58B195388D20070C39A /* Products */;
			projectDirPath = "";
			projectRoot = "";
			targets = (
				6003F589195388D20070C39A /* MentaDemo-Global_Example */,
				6003F5AD195388D20070C39A /* MentaDemo-Global_Tests */,
			);
		};
/* End PBXProject section */

/* Begin PBXResourcesBuildPhase section */
		6003F588195388D20070C39A /* Resources */ = {
			isa = PBXResourcesBuildPhase;
			buildActionMask = 2147483647;
			files = (
				873B8AEB1B1F5CCA007FD442 /* Main.storyboard in Resources */,
				71719F9F1E33DC2100824A3D /* LaunchScreen.storyboard in Resources */,
				6003F5A9195388D20070C39A /* Images.xcassets in Resources */,
				6003F598195388D20070C39A /* InfoPlist.strings in Resources */,
			);
			runOnlyForDeploymentPostprocessing = 0;
		};
		6003F5AC195388D20070C39A /* Resources */ = {
			isa = PBXResourcesBuildPhase;
			buildActionMask = 2147483647;
			files = (
				6003F5BA195388D20070C39A /* InfoPlist.strings in Resources */,
			);
			runOnlyForDeploymentPostprocessing = 0;
		};
/* End PBXResourcesBuildPhase section */

/* Begin PBXShellScriptBuildPhase section */
		3DC4D323A121B9A6E0341556 /* [CP] Check Pods Manifest.lock */ = {
			isa = PBXShellScriptBuildPhase;
			buildActionMask = 2147483647;
			files = (
			);
			inputFileListPaths = (
			);
			inputPaths = (
				"${PODS_PODFILE_DIR_PATH}/Podfile.lock",
				"${PODS_ROOT}/Manifest.lock",
			);
			name = "[CP] Check Pods Manifest.lock";
			outputFileListPaths = (
			);
			outputPaths = (
				"$(DERIVED_FILE_DIR)/Pods-MentaDemo-Global_Example-checkManifestLockResult.txt",
			);
			runOnlyForDeploymentPostprocessing = 0;
			shellPath = /bin/sh;
			shellScript = "diff \"${PODS_PODFILE_DIR_PATH}/Podfile.lock\" \"${PODS_ROOT}/Manifest.lock\" > /dev/null\nif [ $? != 0 ] ; then\n    # print error to STDERR\n    echo \"error: The sandbox is not in sync with the Podfile.lock. Run 'pod install' or update your CocoaPods installation.\" >&2\n    exit 1\nfi\n# This output is used by Xcode 'outputs' to avoid re-running this script phase.\necho \"SUCCESS\" > \"${SCRIPT_OUTPUT_FILE_0}\"\n";
			showEnvVarsInLog = 0;
		};
		E08BF023D8D7CDF8029623BD /* [CP] Check Pods Manifest.lock */ = {
			isa = PBXShellScriptBuildPhase;
			buildActionMask = 2147483647;
			files = (
			);
			inputFileListPaths = (
			);
			inputPaths = (
				"${PODS_PODFILE_DIR_PATH}/Podfile.lock",
				"${PODS_ROOT}/Manifest.lock",
			);
			name = "[CP] Check Pods Manifest.lock";
			outputFileListPaths = (
			);
			outputPaths = (
				"$(DERIVED_FILE_DIR)/Pods-MentaDemo-Global_Tests-checkManifestLockResult.txt",
			);
			runOnlyForDeploymentPostprocessing = 0;
			shellPath = /bin/sh;
			shellScript = "diff \"${PODS_PODFILE_DIR_PATH}/Podfile.lock\" \"${PODS_ROOT}/Manifest.lock\" > /dev/null\nif [ $? != 0 ] ; then\n    # print error to STDERR\n    echo \"error: The sandbox is not in sync with the Podfile.lock. Run 'pod install' or update your CocoaPods installation.\" >&2\n    exit 1\nfi\n# This output is used by Xcode 'outputs' to avoid re-running this script phase.\necho \"SUCCESS\" > \"${SCRIPT_OUTPUT_FILE_0}\"\n";
			showEnvVarsInLog = 0;
		};
		ECAE6B9A7AEF44825F96AB63 /* [CP] Copy Pods Resources */ = {
			isa = PBXShellScriptBuildPhase;
			buildActionMask = 2147483647;
			files = (
			);
			inputPaths = (
				"${PODS_ROOT}/Target Support Files/Pods-MentaDemo-Global_Example/Pods-MentaDemo-Global_Example-resources.sh",
				"${PODS_ROOT}/MentaVlionGlobal/Resource/VlionGlobal.bundle",
			);
			name = "[CP] Copy Pods Resources";
			outputPaths = (
				"${TARGET_BUILD_DIR}/${UNLOCALIZED_RESOURCES_FOLDER_PATH}/VlionGlobal.bundle",
			);
			runOnlyForDeploymentPostprocessing = 0;
			shellPath = /bin/sh;
			shellScript = "\"${PODS_ROOT}/Target Support Files/Pods-MentaDemo-Global_Example/Pods-MentaDemo-Global_Example-resources.sh\"\n";
			showEnvVarsInLog = 0;
		};
		EE40473335324FE0FB72D5C7 /* [CP] Embed Pods Frameworks */ = {
			isa = PBXShellScriptBuildPhase;
			buildActionMask = 2147483647;
			files = (
			);
			inputPaths = (
				"${PODS_ROOT}/Target Support Files/Pods-MentaDemo-Global_Example/Pods-MentaDemo-Global_Example-frameworks.sh",
				"${BUILT_PRODUCTS_DIR}/MentaDemo-Global/MentaDemo_Global.framework",
			);
			name = "[CP] Embed Pods Frameworks";
			outputPaths = (
				"${TARGET_BUILD_DIR}/${FRAMEWORKS_FOLDER_PATH}/MentaDemo_Global.framework",
			);
			runOnlyForDeploymentPostprocessing = 0;
			shellPath = /bin/sh;
			shellScript = "\"${PODS_ROOT}/Target Support Files/Pods-MentaDemo-Global_Example/Pods-MentaDemo-Global_Example-frameworks.sh\"\n";
			showEnvVarsInLog = 0;
		};
/* End PBXShellScriptBuildPhase section */

/* Begin PBXSourcesBuildPhase section */
		6003F586195388D20070C39A /* Sources */ = {
			isa = PBXSourcesBuildPhase;
			buildActionMask = 2147483647;
			files = (
				0986EC432C2C1DA10095DB66 /* MentaSelfRenderViewController.m in Sources */,
				0986EC422C2C1DA10095DB66 /* MentaNativeExpressViewController.m in Sources */,
				0986EC462C2C1DA10095DB66 /* MentaViewController.m in Sources */,
				6003F59E195388D20070C39A /* MENTAAppDelegate.m in Sources */,
				6003F5A7195388D20070C39A /* MENTAViewController.m in Sources */,
				0986EC412C2C1DA10095DB66 /* MentaInterstitialViewController.m in Sources */,
				0986EC452C2C1DA10095DB66 /* MentaSplashViewController.m in Sources */,
				6003F59A195388D20070C39A /* main.m in Sources */,
				0986EC442C2C1DA10095DB66 /* MentaRewardVideoViewController.m in Sources */,
				0986EC292C2C1BBF0095DB66 /* MainViewController.m in Sources */,
				0986EC402C2C1DA10095DB66 /* MentaBannerViewController.m in Sources */,
			);
			runOnlyForDeploymentPostprocessing = 0;
		};
		6003F5AA195388D20070C39A /* Sources */ = {
			isa = PBXSourcesBuildPhase;
			buildActionMask = 2147483647;
			files = (
				6003F5BC195388D20070C39A /* Tests.m in Sources */,
			);
			runOnlyForDeploymentPostprocessing = 0;
		};
/* End PBXSourcesBuildPhase section */

/* Begin PBXTargetDependency section */
		6003F5B4195388D20070C39A /* PBXTargetDependency */ = {
			isa = PBXTargetDependency;
			target = 6003F589195388D20070C39A /* MentaDemo-Global_Example */;
			targetProxy = 6003F5B3195388D20070C39A /* PBXContainerItemProxy */;
		};
/* End PBXTargetDependency section */

/* Begin PBXVariantGroup section */
		6003F596195388D20070C39A /* InfoPlist.strings */ = {
			isa = PBXVariantGroup;
			children = (
				6003F597195388D20070C39A /* en */,
			);
			name = InfoPlist.strings;
			sourceTree = "<group>";
		};
		6003F5B8195388D20070C39A /* InfoPlist.strings */ = {
			isa = PBXVariantGroup;
			children = (
				6003F5B9195388D20070C39A /* en */,
			);
			name = InfoPlist.strings;
			sourceTree = "<group>";
		};
		71719F9D1E33DC2100824A3D /* LaunchScreen.storyboard */ = {
			isa = PBXVariantGroup;
			children = (
				71719F9E1E33DC2100824A3D /* Base */,
			);
			name = LaunchScreen.storyboard;
			sourceTree = "<group>";
		};
/* End PBXVariantGroup section */

/* Begin XCBuildConfiguration section */
		6003F5BD195388D20070C39A /* Debug */ = {
			isa = XCBuildConfiguration;
			buildSettings = {
				ALWAYS_SEARCH_USER_PATHS = NO;
				CLANG_CXX_LANGUAGE_STANDARD = "gnu++0x";
				CLANG_CXX_LIBRARY = "libc++";
				CLANG_ENABLE_MODULES = YES;
				CLANG_ENABLE_OBJC_ARC = YES;
				CLANG_WARN_BOOL_CONVERSION = YES;
				CLANG_WARN_CONSTANT_CONVERSION = YES;
				CLANG_WARN_DIRECT_OBJC_ISA_USAGE = YES_ERROR;
				CLANG_WARN_EMPTY_BODY = YES;
				CLANG_WARN_ENUM_CONVERSION = YES;
				CLANG_WARN_INT_CONVERSION = YES;
				CLANG_WARN_OBJC_ROOT_CLASS = YES_ERROR;
				CLANG_WARN__DUPLICATE_METHOD_MATCH = YES;
				"CODE_SIGN_IDENTITY[sdk=iphoneos*]" = "iPhone Developer";
				COPY_PHASE_STRIP = NO;
				ENABLE_TESTABILITY = YES;
				GCC_C_LANGUAGE_STANDARD = gnu99;
				GCC_DYNAMIC_NO_PIC = NO;
				GCC_OPTIMIZATION_LEVEL = 0;
				GCC_PREPROCESSOR_DEFINITIONS = (
					"DEBUG=1",
					"$(inherited)",
				);
				GCC_SYMBOLS_PRIVATE_EXTERN = NO;
				GCC_WARN_64_TO_32_BIT_CONVERSION = YES;
				GCC_WARN_ABOUT_RETURN_TYPE = YES_ERROR;
				GCC_WARN_UNDECLARED_SELECTOR = YES;
				GCC_WARN_UNINITIALIZED_AUTOS = YES_AGGRESSIVE;
				GCC_WARN_UNUSED_FUNCTION = YES;
				GCC_WARN_UNUSED_VARIABLE = YES;
				IPHONEOS_DEPLOYMENT_TARGET = 9.3;
				ONLY_ACTIVE_ARCH = YES;
				SDKROOT = iphoneos;
				TARGETED_DEVICE_FAMILY = "1,2";
			};
			name = Debug;
		};
		6003F5BE195388D20070C39A /* Release */ = {
			isa = XCBuildConfiguration;
			buildSettings = {
				ALWAYS_SEARCH_USER_PATHS = NO;
				CLANG_CXX_LANGUAGE_STANDARD = "gnu++0x";
				CLANG_CXX_LIBRARY = "libc++";
				CLANG_ENABLE_MODULES = YES;
				CLANG_ENABLE_OBJC_ARC = YES;
				CLANG_WARN_BOOL_CONVERSION = YES;
				CLANG_WARN_CONSTANT_CONVERSION = YES;
				CLANG_WARN_DIRECT_OBJC_ISA_USAGE = YES_ERROR;
				CLANG_WARN_EMPTY_BODY = YES;
				CLANG_WARN_ENUM_CONVERSION = YES;
				CLANG_WARN_INT_CONVERSION = YES;
				CLANG_WARN_OBJC_ROOT_CLASS = YES_ERROR;
				CLANG_WARN__DUPLICATE_METHOD_MATCH = YES;
				"CODE_SIGN_IDENTITY[sdk=iphoneos*]" = "iPhone Developer";
				COPY_PHASE_STRIP = YES;
				ENABLE_NS_ASSERTIONS = NO;
				GCC_C_LANGUAGE_STANDARD = gnu99;
				GCC_WARN_64_TO_32_BIT_CONVERSION = YES;
				GCC_WARN_ABOUT_RETURN_TYPE = YES_ERROR;
				GCC_WARN_UNDECLARED_SELECTOR = YES;
				GCC_WARN_UNINITIALIZED_AUTOS = YES_AGGRESSIVE;
				GCC_WARN_UNUSED_FUNCTION = YES;
				GCC_WARN_UNUSED_VARIABLE = YES;
				IPHONEOS_DEPLOYMENT_TARGET = 9.3;
				SDKROOT = iphoneos;
				TARGETED_DEVICE_FAMILY = "1,2";
				VALIDATE_PRODUCT = YES;
			};
			name = Release;
		};
		6003F5C0195388D20070C39A /* Debug */ = {
			isa = XCBuildConfiguration;
			baseConfigurationReference = A99958D93B21730A72DBA98F /* Pods-MentaDemo-Global_Example.debug.xcconfig */;
			buildSettings = {
				ASSETCATALOG_COMPILER_APPICON_NAME = AppIcon;
				DEVELOPMENT_TEAM = 4ZY6EV6TFP;
				GCC_PRECOMPILE_PREFIX_HEADER = YES;
				GCC_PREFIX_HEADER = "MentaDemo-Global/MentaDemo-Global-Prefix.pch";
				INFOPLIST_FILE = "MentaDemo-Global/MentaDemo-Global-Info.plist";
				MODULE_NAME = ExampleApp;
				PRODUCT_BUNDLE_IDENTIFIER = "org.cocoapods.demo.${PRODUCT_NAME:rfc1034identifier}";
				PRODUCT_NAME = "$(TARGET_NAME)";
				SWIFT_VERSION = 4.0;
				WRAPPER_EXTENSION = app;
			};
			name = Debug;
		};
		6003F5C1195388D20070C39A /* Release */ = {
			isa = XCBuildConfiguration;
			baseConfigurationReference = 0D78F1F585F4A3B670862FA4 /* Pods-MentaDemo-Global_Example.release.xcconfig */;
			buildSettings = {
				ASSETCATALOG_COMPILER_APPICON_NAME = AppIcon;
				DEVELOPMENT_TEAM = 4ZY6EV6TFP;
				GCC_PRECOMPILE_PREFIX_HEADER = YES;
				GCC_PREFIX_HEADER = "MentaDemo-Global/MentaDemo-Global-Prefix.pch";
				INFOPLIST_FILE = "MentaDemo-Global/MentaDemo-Global-Info.plist";
				MODULE_NAME = ExampleApp;
				PRODUCT_BUNDLE_IDENTIFIER = "org.cocoapods.demo.${PRODUCT_NAME:rfc1034identifier}";
				PRODUCT_NAME = "$(TARGET_NAME)";
				SWIFT_VERSION = 4.0;
				WRAPPER_EXTENSION = app;
			};
			name = Release;
		};
		6003F5C3195388D20070C39A /* Debug */ = {
			isa = XCBuildConfiguration;
			baseConfigurationReference = E1F6BCB7CB7D94A23A073B57 /* Pods-MentaDemo-Global_Tests.debug.xcconfig */;
			buildSettings = {
				BUNDLE_LOADER = "$(TEST_HOST)";
				FRAMEWORK_SEARCH_PATHS = (
					"$(PLATFORM_DIR)/Developer/Library/Frameworks",
					"$(inherited)",
					"$(DEVELOPER_FRAMEWORKS_DIR)",
				);
				GCC_PRECOMPILE_PREFIX_HEADER = YES;
				GCC_PREFIX_HEADER = "Tests/Tests-Prefix.pch";
				GCC_PREPROCESSOR_DEFINITIONS = (
					"DEBUG=1",
					"$(inherited)",
				);
				INFOPLIST_FILE = "Tests/Tests-Info.plist";
				PRODUCT_BUNDLE_IDENTIFIER = "org.cocoapods.demo.${PRODUCT_NAME:rfc1034identifier}";
				PRODUCT_NAME = "$(TARGET_NAME)";
				SWIFT_VERSION = 4.0;
				TEST_HOST = "$(BUILT_PRODUCTS_DIR)/MentaDemo-Global_Example.app/MentaDemo-Global_Example";
				WRAPPER_EXTENSION = xctest;
			};
			name = Debug;
		};
		6003F5C4195388D20070C39A /* Release */ = {
			isa = XCBuildConfiguration;
			baseConfigurationReference = BAC1C6B6B55D74A9E0409AC1 /* Pods-MentaDemo-Global_Tests.release.xcconfig */;
			buildSettings = {
				BUNDLE_LOADER = "$(TEST_HOST)";
				FRAMEWORK_SEARCH_PATHS = (
					"$(PLATFORM_DIR)/Developer/Library/Frameworks",
					"$(inherited)",
					"$(DEVELOPER_FRAMEWORKS_DIR)",
				);
				GCC_PRECOMPILE_PREFIX_HEADER = YES;
				GCC_PREFIX_HEADER = "Tests/Tests-Prefix.pch";
				INFOPLIST_FILE = "Tests/Tests-Info.plist";
				PRODUCT_BUNDLE_IDENTIFIER = "org.cocoapods.demo.${PRODUCT_NAME:rfc1034identifier}";
				PRODUCT_NAME = "$(TARGET_NAME)";
				SWIFT_VERSION = 4.0;
				TEST_HOST = "$(BUILT_PRODUCTS_DIR)/MentaDemo-Global_Example.app/MentaDemo-Global_Example";
				WRAPPER_EXTENSION = xctest;
			};
			name = Release;
		};
/* End XCBuildConfiguration section */

/* Begin XCConfigurationList section */
		6003F585195388D10070C39A /* Build configuration list for PBXProject "MentaDemo-Global" */ = {
			isa = XCConfigurationList;
			buildConfigurations = (
				6003F5BD195388D20070C39A /* Debug */,
				6003F5BE195388D20070C39A /* Release */,
			);
			defaultConfigurationIsVisible = 0;
			defaultConfigurationName = Release;
		};
		6003F5BF195388D20070C39A /* Build configuration list for PBXNativeTarget "MentaDemo-Global_Example" */ = {
			isa = XCConfigurationList;
			buildConfigurations = (
				6003F5C0195388D20070C39A /* Debug */,
				6003F5C1195388D20070C39A /* Release */,
			);
			defaultConfigurationIsVisible = 0;
			defaultConfigurationName = Release;
		};
		6003F5C2195388D20070C39A /* Build configuration list for PBXNativeTarget "MentaDemo-Global_Tests" */ = {
			isa = XCConfigurationList;
			buildConfigurations = (
				6003F5C3195388D20070C39A /* Debug */,
				6003F5C4195388D20070C39A /* Release */,
			);
			defaultConfigurationIsVisible = 0;
			defaultConfigurationName = Release;
		};
/* End XCConfigurationList section */
	};
	rootObject = 6003F582195388D10070C39A /* Project object */;
}
